{
  "name": "MCBE-LevelDB-reader",
  "lockfileVersion": 3,
  "requires": true,
  "packages": {
    "": {
      "dependencies": {
        "@zip.js/zip.js": "^2.7.57",
        "nbtify": "^2.2.0"
      }
    },
    "node_modules/@zip.js/zip.js": {
      "version": "2.7.57",
      "resolved": "https://registry.npmjs.org/@zip.js/zip.js/-/zip.js-2.7.57.tgz",
      "integrity": "sha512-BtonQ1/jDnGiMed6OkV6rZYW78gLmLswkHOzyMrMb+CAR7CZO8phOHO6c2qw6qb1g1betN7kwEHhhZk30dv+NA==",
      "license": "BSD-3-Clause",
      "engines": {
        "bun": ">=0.7.0",
        "deno": ">=1.0.0",
        "node": ">=16.5.0"
      }
    },
    "node_modules/mutf-8": {
      "version": "1.2.0",
      "resolved": "https://registry.npmjs.org/mutf-8/-/mutf-8-1.2.0.tgz",
      "integrity": "sha512-7q1xEmbqt43RAdSLf/Zv9hSbtyRB9vVuc4oLnQoPrUf53iVQx2AUatx4C71o1yFXjwVARtnW3gzyKm0CAjHs3A==",
      "license": "MIT"
    },
    "node_modules/nbtify": {
      "version": "2.2.0",
      "resolved": "https://registry.npmjs.org/nbtify/-/nbtify-2.2.0.tgz",
      "integrity": "sha512-xlMI29ZAB4ZCBJRnoa+L8al8uKMTLSwrcx13LbdhFLc3KwJb0sWS4/OcKEN2UcjQOVNyk+CqDWfYvPLOo8of/g==",
      "license": "MIT",
      "dependencies": {
        "mutf-8": "^1.1.4"
      },
      "bin": {
        "nbtify": "dist/bin/index.js"
      }
    }
  }
}
